{
  "name": "claude-cli",
  "version": "1.0.0",
  "lockfileVersion": 3,
  "requires": true,
  "packages": {
    "": {
      "name": "claude-cli",
      "version": "1.0.0",
      "dependencies": {
        "@anthropic-ai/claude-code": "2.1.283"
      }
    },
    "node_modules/@anthropic-ai/claude-code": {
      "version": "2.1.283",
      "resolved": "https://registry.npmjs.org/@anthropic-ai/claude-code/-/claude-code-2.1.283.tgz",
      "integrity": "sha512-/8Y1pe7M15qMOU7RwUEjpFcM8XGVXNzWrWRXXp/0HlGm1k8FcOCxYMA9VR237JUUzzx5DkcQaGvELAo4si7TwA==",
      "bin": {
        "claude": "bin/claude.exe"
      },
      "engines": {
        "node": ">=22.0.0"
      },
      "optionalDependencies": {
        "@anthropic-ai/claude-code-darwin-arm64": "2.1.283",
        "@anthropic-ai/claude-code-darwin-x64": "2.1.283",
        "@anthropic-ai/claude-code-linux-arm64": "2.1.283",
        "@anthropic-ai/claude-code-linux-arm64-musl": "2.1.283",
        "@anthropic-ai/claude-code-linux-x64": "2.1.283",
        "@anthropic-ai/claude-code-linux-x64-musl": "2.1.283",
        "@anthropic-ai/claude-code-win32-arm64": "2.1.283",
        "@anthropic-ai/claude-code-win32-x64": "2.1.283"
      }
    },
    "node_modules/@anthropic-ai/claude-code-linux-x64": {
      "version": "2.1.283",
      "resolved": "https://registry.npmjs.org/@anthropic-ai/claude-code-linux-x64/-/claude-code-linux-x64-2.1.283.tgz",
      "integrity": "sha512-q9+Ke42t/I6oLb/bTmh6sI24jMw4KNwz3QbQLp9dVQ8ipQChfAW5L11SX8jcDzVCW/P2tId7ftI+lgBURvz9uQ==",
      "cpu": [
        "x64"
      ],
      "optional": true,
      "os": [
        "linux"
      ]
    }
  }
}
